
Microsoft Visual Studio Solution File, Format Version 12.00
# Visual Studio Version 16
VisualStudioVersion = 16.0.30524.135
MinimumVisualStudioVersion = 10.0.40219.1
Project("{FAE04EC0-301F-11D3-BF4B-00C04F79EFBC}") = "Hikvision_Industrial_Camera_Control_Program", "Hikvision_Industrial_Camera_Control_Program.csproj", "{301AE084-CEE3-4E6B-9C47-B5D8C1FD96C7}"
EndProject
Global
	GlobalSection(SolutionConfigurationPlatforms) = preSolution
		Debug|Any CPU = Debug|Any CPU
		Release|Any CPU = Release|Any CPU
	EndGlobalSection
	GlobalSection(ProjectConfigurationPlatforms) = postSolution
		{301AE084-CEE3-4E6B-9C47-B5D8C1FD96C7}.Debug|Any CPU.ActiveCfg = Debug|Any CPU
		{301AE084-CEE3-4E6B-9C47-B5D8C1FD96C7}.Debug|Any CPU.Build.0 = Debug|Any CPU
		{301AE084-CEE3-4E6B-9C47-B5D8C1FD96C7}.Release|Any CPU.ActiveCfg = Release|Any CPU
		{301AE084-CEE3-4E6B-9C47-B5D8C1FD96C7}.Release|Any CPU.Build.0 = Release|Any CPU
	EndGlobalSection
	GlobalSection(SolutionProperties) = preSolution
		HideSolutionNode = FALSE
	EndGlobalSection
	GlobalSection(ExtensibilityGlobals) = postSolution
		SolutionGuid = {2DB54BD3-CBB0-4902-8262-2D05768DF413}
	EndGlobalSection
EndGlobal
